{
    "_readme": [
        "This file locks the dependencies of your project to a known state",
        "Read more about it at https://getcomposer.org/doc/01-basic-usage.md#installing-dependencies",
        "This file is @generated automatically"
    ],
    "content-hash": "fcb37faa48c68b0884acf4bca42ded25",
    "packages": [
        {
            "name": "psalm/phar",
            "version": "4.3.1",
            "source": {
                "type": "git",
                "url": "https://github.com/psalm/phar.git",
                "reference": "f61d8f0eaaf5f7c26f1269ddeaf1fbe29dff1bee"
            },
            "dist": {
                "type": "zip",
                "url": "https://api.github.com/repos/psalm/phar/zipball/f61d8f0eaaf5f7c26f1269ddeaf1fbe29dff1bee",
                "reference": "f61d8f0eaaf5f7c26f1269ddeaf1fbe29dff1bee",
                "shasum": ""
            },
            "require": {
                "php": "^7.1 || ^8.0"
            },
            "conflict": {
                "vimeo/psalm": "*"
            },
            "bin": [
                "psalm.phar"
            ],
            "type": "library",
            "notification-url": "https://packagist.org/downloads/",
            "license": [
                "MIT"
            ],
            "description": "Composer-based Psalm Phar",
            "support": {
                "issues": "https://github.com/psalm/phar/issues",
                "source": "https://github.com/psalm/phar/tree/4.3.1"
            },
            "time": "2020-12-03T21:44:12+00:00"
        }
    ],
    "packages-dev": [],
    "aliases": [],
    "minimum-stability": "stable",
    "stability-flags": [],
    "prefer-stable": false,
    "prefer-lowest": false,
    "platform": {
        "php": "^7.1 || ^8.0"
    },
    "platform-dev": [],
    "plugin-api-version": "2.0.0"
}
