{
    "_readme": [
        "This file locks the dependencies of your project to a known state",
        "Read more about it at https://getcomposer.org/doc/01-basic-usage.md#installing-dependencies",
        "This file is @generated automatically"
    ],
    "content-hash": "ccbf342466a2f2abacc1e853deb15ddc",
    "packages": [
        {
            "name": "phpstan/phpstan",
            "version": "1.10.3",
            "source": {
                "type": "git",
                "url": "https://github.com/phpstan/phpstan.git",
                "reference": "5419375b5891add97dc74be71e6c1c34baaddf64"
            },
            "dist": {
                "type": "zip",
                "url": "https://api.github.com/repos/phpstan/phpstan/zipball/5419375b5891add97dc74be71e6c1c34baaddf64",
                "reference": "5419375b5891add97dc74be71e6c1c34baaddf64",
                "shasum": ""
            },
            "require": {
                "php": "^7.2|^8.0"
            },
            "conflict": {
                "phpstan/phpstan-shim": "*"
            },
            "bin": [
                "phpstan",
                "phpstan.phar"
            ],
            "type": "library",
            "autoload": {
                "files": [
                    "bootstrap.php"
                ]
            },
            "notification-url": "https://packagist.org/downloads/",
            "license": [
                "MIT"
            ],
            "description": "PHPStan - PHP Static Analysis Tool",
            "keywords": [
                "dev",
                "static analysis"
            ],
            "support": {
                "issues": "https://github.com/phpstan/phpstan/issues",
                "source": "https://github.com/phpstan/phpstan/tree/1.10.3"
            },
            "funding": [
                {
                    "url": "https://github.com/ondrejmirtes",
                    "type": "github"
                },
                {
                    "url": "https://github.com/phpstan",
                    "type": "github"
                },
                {
                    "url": "https://tidelift.com/funding/github/packagist/phpstan/phpstan",
                    "type": "tidelift"
                }
            ],
            "time": "2023-02-25T14:47:13+00:00"
        },
        {
            "name": "rector/rector",
            "version": "0.15.19",
            "source": {
                "type": "git",
                "url": "https://github.com/rectorphp/rector.git",
                "reference": "4b3a85382e890963a6d00e0ace8d09465f96e370"
            },
            "dist": {
                "type": "zip",
                "url": "https://api.github.com/repos/rectorphp/rector/zipball/4b3a85382e890963a6d00e0ace8d09465f96e370",
                "reference": "4b3a85382e890963a6d00e0ace8d09465f96e370",
                "shasum": ""
            },
            "require": {
                "php": "^7.2|^8.0",
                "phpstan/phpstan": "^1.10.1"
            },
            "conflict": {
                "rector/rector-doctrine": "*",
                "rector/rector-downgrade-php": "*",
                "rector/rector-phpunit": "*",
                "rector/rector-symfony": "*"
            },
            "bin": [
                "bin/rector"
            ],
            "type": "library",
            "extra": {
                "branch-alias": {
                    "dev-main": "0.15-dev"
                }
            },
            "autoload": {
                "files": [
                    "bootstrap.php"
                ]
            },
            "notification-url": "https://packagist.org/downloads/",
            "license": [
                "MIT"
            ],
            "description": "Instant Upgrade and Automated Refactoring of any PHP code",
            "support": {
                "issues": "https://github.com/rectorphp/rector/issues",
                "source": "https://github.com/rectorphp/rector/tree/0.15.19"
            },
            "funding": [
                {
                    "url": "https://github.com/tomasvotruba",
                    "type": "github"
                }
            ],
            "time": "2023-02-28T10:47:53+00:00"
        }
    ],
    "packages-dev": [],
    "aliases": [],
    "minimum-stability": "stable",
    "stability-flags": [],
    "prefer-stable": false,
    "prefer-lowest": false,
    "platform": {
        "php": "^8.1"
    },
    "platform-dev": [],
    "platform-overrides": {
        "php": "8.1.12"
    },
    "plugin-api-version": "2.3.0"
}
